// !$*UTF8*$!
{
	archiveVersion = 1;
	classes = {
	};
	objectVersion = 50;
	objects = {

/* Begin PBXBuildFile section */
		E1C09AC224208A0F0047DC2D /* AppDelegate.swift in Sources */ = {isa = PBXBuildFile; fileRef = E1C09AC124208A0F0047DC2D /* AppDelegate.swift */; };
		E1C09AC424208A0F0047DC2D /* SceneDelegate.swift in Sources */ = {isa = PBXBuildFile; fileRef = E1C09AC324208A0F0047DC2D /* SceneDelegate.swift */; };
		E1C09AC624208A0F0047DC2D /* ContentView.swift in Sources */ = {isa = PBXBuildFile; fileRef = E1C09AC524208A0F0047DC2D /* ContentView.swift */; };
		E1C09AC824208A110047DC2D /* Assets.xcassets in Resources */ = {isa = PBXBuildFile; fileRef = E1C09AC724208A110047DC2D /* Assets.xcassets */; };
		E1C09ACB24208A110047DC2D /* Preview Assets.xcassets in Resources */ = {isa = PBXBuildFile; fileRef = E1C09ACA24208A110047DC2D /* Preview Assets.xcassets */; };
		E1C09ACE24208A110047DC2D /* LaunchScreen.storyboard in Resources */ = {isa = PBXBuildFile; fileRef = E1C09ACC24208A110047DC2D /* LaunchScreen.storyboard */; };
		E1C09AD724208C1A0047DC2D /* LairView.swift in Sources */ = {isa = PBXBuildFile; fileRef = E1C09AD624208C1A0047DC2D /* LairView.swift */; };
		E1C09AD924208CE20047DC2D /* AccessoryView.swift in Sources */ = {isa = PBXBuildFile; fileRef = E1C09AD824208CE20047DC2D /* AccessoryView.swift */; };
		E1C09ADB24208D340047DC2D /* AccessoryRowView.swift in Sources */ = {isa = PBXBuildFile; fileRef = E1C09ADA24208D340047DC2D /* AccessoryRowView.swift */; };
		E1C09ADD24208EE20047DC2D /* ProgressBarView.swift in Sources */ = {isa = PBXBuildFile; fileRef = E1C09ADC24208EE20047DC2D /* ProgressBarView.swift */; };
		E1C09ADF242091B70047DC2D /* TabBarItemView.swift in Sources */ = {isa = PBXBuildFile; fileRef = E1C09ADE242091B70047DC2D /* TabBarItemView.swift */; };
		E1C09AE1242091D30047DC2D /* TabBarView.swift in Sources */ = {isa = PBXBuildFile; fileRef = E1C09AE0242091D30047DC2D /* TabBarView.swift */; };
		E1C09AE6242093030047DC2D /* UIColorExtension.swift in Sources */ = {isa = PBXBuildFile; fileRef = E1C09AE3242093030047DC2D /* UIColorExtension.swift */; };
		E1C09AE7242093030047DC2D /* ColorExtension.swift in Sources */ = {isa = PBXBuildFile; fileRef = E1C09AE4242093030047DC2D /* ColorExtension.swift */; };
		E1C09AE8242093030047DC2D /* LinearGradientExtension.swift in Sources */ = {isa = PBXBuildFile; fileRef = E1C09AE5242093030047DC2D /* LinearGradientExtension.swift */; };
/* End PBXBuildFile section */

/* Begin PBXFileReference section */
		E1C09ABE24208A0F0047DC2D /* NeuMorphism.app */ = {isa = PBXFileReference; explicitFileType = wrapper.application; includeInIndex = 0; path = NeuMorphism.app; sourceTree = BUILT_PRODUCTS_DIR; };
		E1C09AC124208A0F0047DC2D /* AppDelegate.swift */ = {isa = PBXFileReference; lastKnownFileType = sourcecode.swift; path = AppDelegate.swift; sourceTree = "<group>"; };
		E1C09AC324208A0F0047DC2D /* SceneDelegate.swift */ = {isa = PBXFileReference; lastKnownFileType = sourcecode.swift; path = SceneDelegate.swift; sourceTree = "<group>"; };
		E1C09AC524208A0F0047DC2D /* ContentView.swift */ = {isa = PBXFileReference; lastKnownFileType = sourcecode.swift; path = ContentView.swift; sourceTree = "<group>"; };
		E1C09AC724208A110047DC2D /* Assets.xcassets */ = {isa = PBXFileReference; lastKnownFileType = folder.assetcatalog; path = Assets.xcassets; sourceTree = "<group>"; };
		E1C09ACA24208A110047DC2D /* Preview Assets.xcassets */ = {isa = PBXFileReference; lastKnownFileType = folder.assetcatalog; path = "Preview Assets.xcassets"; sourceTree = "<group>"; };
		E1C09ACD24208A110047DC2D /* Base */ = {isa = PBXFileReference; lastKnownFileType = file.storyboard; name = Base; path = Base.lproj/LaunchScreen.storyboard; sourceTree = "<group>"; };
		E1C09ACF24208A110047DC2D /* Info.plist */ = {isa = PBXFileReference; lastKnownFileType = text.plist.xml; path = Info.plist; sourceTree = "<group>"; };
		E1C09AD624208C1A0047DC2D /* LairView.swift */ = {isa = PBXFileReference; lastKnownFileType = sourcecode.swift; path = LairView.swift; sourceTree = "<group>"; };
		E1C09AD824208CE20047DC2D /* AccessoryView.swift */ = {isa = PBXFileReference; lastKnownFileType = sourcecode.swift; path = AccessoryView.swift; sourceTree = "<group>"; };
		E1C09ADA24208D340047DC2D /* AccessoryRowView.swift */ = {isa = PBXFileReference; lastKnownFileType = sourcecode.swift; path = AccessoryRowView.swift; sourceTree = "<group>"; };
		E1C09ADC24208EE20047DC2D /* ProgressBarView.swift */ = {isa = PBXFileReference; lastKnownFileType = sourcecode.swift; path = ProgressBarView.swift; sourceTree = "<group>"; };
		E1C09ADE242091B70047DC2D /* TabBarItemView.swift */ = {isa = PBXFileReference; lastKnownFileType = sourcecode.swift; path = TabBarItemView.swift; sourceTree = "<group>"; };
		E1C09AE0242091D30047DC2D /* TabBarView.swift */ = {isa = PBXFileReference; lastKnownFileType = sourcecode.swift; path = TabBarView.swift; sourceTree = "<group>"; };
		E1C09AE3242093030047DC2D /* UIColorExtension.swift */ = {isa = PBXFileReference; fileEncoding = 4; lastKnownFileType = sourcecode.swift; path = UIColorExtension.swift; sourceTree = "<group>"; };
		E1C09AE4242093030047DC2D /* ColorExtension.swift */ = {isa = PBXFileReference; fileEncoding = 4; lastKnownFileType = sourcecode.swift; path = ColorExtension.swift; sourceTree = "<group>"; };
		E1C09AE5242093030047DC2D /* LinearGradientExtension.swift */ = {isa = PBXFileReference; fileEncoding = 4; lastKnownFileType = sourcecode.swift; path = LinearGradientExtension.swift; sourceTree = "<group>"; };
/* End PBXFileReference section */

/* Begin PBXFrameworksBuildPhase section */
		E1C09ABB24208A0F0047DC2D /* Frameworks */ = {
			isa = PBXFrameworksBuildPhase;
			buildActionMask = 2147483647;
			files = (
			);
			runOnlyForDeploymentPostprocessing = 0;
		};
/* End PBXFrameworksBuildPhase section */

/* Begin PBXGroup section */
		E1C09AB524208A0F0047DC2D = {
			isa = PBXGroup;
			children = (
				E1C09AC024208A0F0047DC2D /* NeuMorphism */,
				E1C09ABF24208A0F0047DC2D /* Products */,
			);
			sourceTree = "<group>";
		};
		E1C09ABF24208A0F0047DC2D /* Products */ = {
			isa = PBXGroup;
			children = (
				E1C09ABE24208A0F0047DC2D /* NeuMorphism.app */,
			);
			name = Products;
			sourceTree = "<group>";
		};
		E1C09AC024208A0F0047DC2D /* NeuMorphism */ = {
			isa = PBXGroup;
			children = (
				E1C09AE2242093030047DC2D /* Extensions */,
				E1C09AD524208B2F0047DC2D /* Views */,
				E1C09AC124208A0F0047DC2D /* AppDelegate.swift */,
				E1C09AC324208A0F0047DC2D /* SceneDelegate.swift */,
				E1C09AC724208A110047DC2D /* Assets.xcassets */,
				E1C09ACC24208A110047DC2D /* LaunchScreen.storyboard */,
				E1C09ACF24208A110047DC2D /* Info.plist */,
				E1C09AC924208A110047DC2D /* Preview Content */,
			);
			path = NeuMorphism;
			sourceTree = "<group>";
		};
		E1C09AC924208A110047DC2D /* Preview Content */ = {
			isa = PBXGroup;
			children = (
				E1C09ACA24208A110047DC2D /* Preview Assets.xcassets */,
			);
			path = "Preview Content";
			sourceTree = "<group>";
		};
		E1C09AD524208B2F0047DC2D /* Views */ = {
			isa = PBXGroup;
			children = (
				E1C09AC524208A0F0047DC2D /* ContentView.swift */,
				E1C09AD624208C1A0047DC2D /* LairView.swift */,
				E1C09AD824208CE20047DC2D /* AccessoryView.swift */,
				E1C09ADA24208D340047DC2D /* AccessoryRowView.swift */,
				E1C09ADC24208EE20047DC2D /* ProgressBarView.swift */,
				E1C09ADE242091B70047DC2D /* TabBarItemView.swift */,
				E1C09AE0242091D30047DC2D /* TabBarView.swift */,
			);
			path = Views;
			sourceTree = "<group>";
		};
		E1C09AE2242093030047DC2D /* Extensions */ = {
			isa = PBXGroup;
			children = (
				E1C09AE3242093030047DC2D /* UIColorExtension.swift */,
				E1C09AE4242093030047DC2D /* ColorExtension.swift */,
				E1C09AE5242093030047DC2D /* LinearGradientExtension.swift */,
			);
			path = Extensions;
			sourceTree = "<group>";
		};
/* End PBXGroup section */

/* Begin PBXNativeTarget section */
		E1C09ABD24208A0F0047DC2D /* NeuMorphism */ = {
			isa = PBXNativeTarget;
			buildConfigurationList = E1C09AD224208A110047DC2D /* Build configuration list for PBXNativeTarget "NeuMorphism" */;
			buildPhases = (
				E1C09ABA24208A0F0047DC2D /* Sources */,
				E1C09ABB24208A0F0047DC2D /* Frameworks */,
				E1C09ABC24208A0F0047DC2D /* Resources */,
			);
			buildRules = (
			);
			dependencies = (
			);
			name = NeuMorphism;
			productName = NeuMorphism;
			productReference = E1C09ABE24208A0F0047DC2D /* NeuMorphism.app */;
			productType = "com.apple.product-type.application";
		};
/* End PBXNativeTarget section */

/* Begin PBXProject section */
		E1C09AB624208A0F0047DC2D /* Project object */ = {
			isa = PBXProject;
			attributes = {
				LastSwiftUpdateCheck = 1130;
				LastUpgradeCheck = 1130;
				ORGANIZATIONNAME = "Death Code";
				TargetAttributes = {
					E1C09ABD24208A0F0047DC2D = {
						CreatedOnToolsVersion = 11.3.1;
					};
				};
			};
			buildConfigurationList = E1C09AB924208A0F0047DC2D /* Build configuration list for PBXProject "NeuMorphism" */;
			compatibilityVersion = "Xcode 9.3";
			developmentRegion = en;
			hasScannedForEncodings = 0;
			knownRegions = (
				en,
				Base,
			);
			mainGroup = E1C09AB524208A0F0047DC2D;
			productRefGroup = E1C09ABF24208A0F0047DC2D /* Products */;
			projectDirPath = "";
			projectRoot = "";
			targets = (
				E1C09ABD24208A0F0047DC2D /* NeuMorphism */,
			);
		};
/* End PBXProject section */

/* Begin PBXResourcesBuildPhase section */
		E1C09ABC24208A0F0047DC2D /* Resources */ = {
			isa = PBXResourcesBuildPhase;
			buildActionMask = 2147483647;
			files = (
				E1C09ACE24208A110047DC2D /* LaunchScreen.storyboard in Resources */,
				E1C09ACB24208A110047DC2D /* Preview Assets.xcassets in Resources */,
				E1C09AC824208A110047DC2D /* Assets.xcassets in Resources */,
			);
			runOnlyForDeploymentPostprocessing = 0;
		};
/* End PBXResourcesBuildPhase section */

/* Begin PBXSourcesBuildPhase section */
		E1C09ABA24208A0F0047DC2D /* Sources */ = {
			isa = PBXSourcesBuildPhase;
			buildActionMask = 2147483647;
			files = (
				E1C09AD724208C1A0047DC2D /* LairView.swift in Sources */,
				E1C09AE1242091D30047DC2D /* TabBarView.swift in Sources */,
				E1C09AE8242093030047DC2D /* LinearGradientExtension.swift in Sources */,
				E1C09AD924208CE20047DC2D /* AccessoryView.swift in Sources */,
				E1C09AC224208A0F0047DC2D /* AppDelegate.swift in Sources */,
				E1C09AC424208A0F0047DC2D /* SceneDelegate.swift in Sources */,
				E1C09ADB24208D340047DC2D /* AccessoryRowView.swift in Sources */,
				E1C09ADF242091B70047DC2D /* TabBarItemView.swift in Sources */,
				E1C09AE6242093030047DC2D /* UIColorExtension.swift in Sources */,
				E1C09AC624208A0F0047DC2D /* ContentView.swift in Sources */,
				E1C09AE7242093030047DC2D /* ColorExtension.swift in Sources */,
				E1C09ADD24208EE20047DC2D /* ProgressBarView.swift in Sources */,
			);
			runOnlyForDeploymentPostprocessing = 0;
		};
/* End PBXSourcesBuildPhase section */

/* Begin PBXVariantGroup section */
		E1C09ACC24208A110047DC2D /* LaunchScreen.storyboard */ = {
			isa = PBXVariantGroup;
			children = (
				E1C09ACD24208A110047DC2D /* Base */,
			);
			name = LaunchScreen.storyboard;
			sourceTree = "<group>";
		};
/* End PBXVariantGroup section */

/* Begin XCBuildConfiguration section */
		E1C09AD024208A110047DC2D /* Debug */ = {
			isa = XCBuildConfiguration;
			buildSettings = {
				ALWAYS_SEARCH_USER_PATHS = NO;
				CLANG_ANALYZER_NONNULL = YES;
				CLANG_ANALYZER_NUMBER_OBJECT_CONVERSION = YES_AGGRESSIVE;
				CLANG_CXX_LANGUAGE_STANDARD = "gnu++14";
				CLANG_CXX_LIBRARY = "libc++";
				CLANG_ENABLE_MODULES = YES;
				CLANG_ENABLE_OBJC_ARC = YES;
				CLANG_ENABLE_OBJC_WEAK = YES;
				CLANG_WARN_BLOCK_CAPTURE_AUTORELEASING = YES;
				CLANG_WARN_BOOL_CONVERSION = YES;
				CLANG_WARN_COMMA = YES;
				CLANG_WARN_CONSTANT_CONVERSION = YES;
				CLANG_WARN_DEPRECATED_OBJC_IMPLEMENTATIONS = YES;
				CLANG_WARN_DIRECT_OBJC_ISA_USAGE = YES_ERROR;
				CLANG_WARN_DOCUMENTATION_COMMENTS = YES;
				CLANG_WARN_EMPTY_BODY = YES;
				CLANG_WARN_ENUM_CONVERSION = YES;
				CLANG_WARN_INFINITE_RECURSION = YES;
				CLANG_WARN_INT_CONVERSION = YES;
				CLANG_WARN_NON_LITERAL_NULL_CONVERSION = YES;
				CLANG_WARN_OBJC_IMPLICIT_RETAIN_SELF = YES;
				CLANG_WARN_OBJC_LITERAL_CONVERSION = YES;
				CLANG_WARN_OBJC_ROOT_CLASS = YES_ERROR;
				CLANG_WARN_RANGE_LOOP_ANALYSIS = YES;
				CLANG_WARN_STRICT_PROTOTYPES = YES;
				CLANG_WARN_SUSPICIOUS_MOVE = YES;
				CLANG_WARN_UNGUARDED_AVAILABILITY = YES_AGGRESSIVE;
				CLANG_WARN_UNREACHABLE_CODE = YES;
				CLANG_WARN__DUPLICATE_METHOD_MATCH = YES;
				COPY_PHASE_STRIP = NO;
				DEBUG_INFORMATION_FORMAT = dwarf;
				ENABLE_STRICT_OBJC_MSGSEND = YES;
				ENABLE_TESTABILITY = YES;
				GCC_C_LANGUAGE_STANDARD = gnu11;
				GCC_DYNAMIC_NO_PIC = NO;
				GCC_NO_COMMON_BLOCKS = YES;
				GCC_OPTIMIZATION_LEVEL = 0;
				GCC_PREPROCESSOR_DEFINITIONS = (
					"DEBUG=1",
					"$(inherited)",
				);
				GCC_WARN_64_TO_32_BIT_CONVERSION = YES;
				GCC_WARN_ABOUT_RETURN_TYPE = YES_ERROR;
				GCC_WARN_UNDECLARED_SELECTOR = YES;
				GCC_WARN_UNINITIALIZED_AUTOS = YES_AGGRESSIVE;
				GCC_WARN_UNUSED_FUNCTION = YES;
				GCC_WARN_UNUSED_VARIABLE = YES;
				IPHONEOS_DEPLOYMENT_TARGET = 13.2;
				MTL_ENABLE_DEBUG_INFO = INCLUDE_SOURCE;
				MTL_FAST_MATH = YES;
				ONLY_ACTIVE_ARCH = YES;
				SDKROOT = iphoneos;
				SWIFT_ACTIVE_COMPILATION_CONDITIONS = DEBUG;
				SWIFT_OPTIMIZATION_LEVEL = "-Onone";
			};
			name = Debug;
		};
		E1C09AD124208A110047DC2D /* Release */ = {
			isa = XCBuildConfiguration;
			buildSettings = {
				ALWAYS_SEARCH_USER_PATHS = NO;
				CLANG_ANALYZER_NONNULL = YES;
				CLANG_ANALYZER_NUMBER_OBJECT_CONVERSION = YES_AGGRESSIVE;
				CLANG_CXX_LANGUAGE_STANDARD = "gnu++14";
				CLANG_CXX_LIBRARY = "libc++";
				CLANG_ENABLE_MODULES = YES;
				CLANG_ENABLE_OBJC_ARC = YES;
				CLANG_ENABLE_OBJC_WEAK = YES;
				CLANG_WARN_BLOCK_CAPTURE_AUTORELEASING = YES;
				CLANG_WARN_BOOL_CONVERSION = YES;
				CLANG_WARN_COMMA = YES;
				CLANG_WARN_CONSTANT_CONVERSION = YES;
				CLANG_WARN_DEPRECATED_OBJC_IMPLEMENTATIONS = YES;
				CLANG_WARN_DIRECT_OBJC_ISA_USAGE = YES_ERROR;
				CLANG_WARN_DOCUMENTATION_COMMENTS = YES;
				CLANG_WARN_EMPTY_BODY = YES;
				CLANG_WARN_ENUM_CONVERSION = YES;
				CLANG_WARN_INFINITE_RECURSION = YES;
				CLANG_WARN_INT_CONVERSION = YES;
				CLANG_WARN_NON_LITERAL_NULL_CONVERSION = YES;
				CLANG_WARN_OBJC_IMPLICIT_RETAIN_SELF = YES;
				CLANG_WARN_OBJC_LITERAL_CONVERSION = YES;
				CLANG_WARN_OBJC_ROOT_CLASS = YES_ERROR;
				CLANG_WARN_RANGE_LOOP_ANALYSIS = YES;
				CLANG_WARN_STRICT_PROTOTYPES = YES;
				CLANG_WARN_SUSPICIOUS_MOVE = YES;
				CLANG_WARN_UNGUARDED_AVAILABILITY = YES_AGGRESSIVE;
				CLANG_WARN_UNREACHABLE_CODE = YES;
				CLANG_WARN__DUPLICATE_METHOD_MATCH = YES;
				COPY_PHASE_STRIP = NO;
				DEBUG_INFORMATION_FORMAT = "dwarf-with-dsym";
				ENABLE_NS_ASSERTIONS = NO;
				ENABLE_STRICT_OBJC_MSGSEND = YES;
				GCC_C_LANGUAGE_STANDARD = gnu11;
				GCC_NO_COMMON_BLOCKS = YES;
				GCC_WARN_64_TO_32_BIT_CONVERSION = YES;
				GCC_WARN_ABOUT_RETURN_TYPE = YES_ERROR;
				GCC_WARN_UNDECLARED_SELECTOR = YES;
				GCC_WARN_UNINITIALIZED_AUTOS = YES_AGGRESSIVE;
				GCC_WARN_UNUSED_FUNCTION = YES;
				GCC_WARN_UNUSED_VARIABLE = YES;
				IPHONEOS_DEPLOYMENT_TARGET = 13.2;
				MTL_ENABLE_DEBUG_INFO = NO;
				MTL_FAST_MATH = YES;
				SDKROOT = iphoneos;
				SWIFT_COMPILATION_MODE = wholemodule;
				SWIFT_OPTIMIZATION_LEVEL = "-O";
				VALIDATE_PRODUCT = YES;
			};
			name = Release;
		};
		E1C09AD324208A110047DC2D /* Debug */ = {
			isa = XCBuildConfiguration;
			buildSettings = {
				ASSETCATALOG_COMPILER_APPICON_NAME = AppIcon;
				CODE_SIGN_STYLE = Automatic;
				DEVELOPMENT_ASSET_PATHS = "\"NeuMorphism/Preview Content\"";
				DEVELOPMENT_TEAM = 8EP984CMVZ;
				ENABLE_PREVIEWS = YES;
				INFOPLIST_FILE = NeuMorphism/Info.plist;
				LD_RUNPATH_SEARCH_PATHS = (
					"$(inherited)",
					"@executable_path/Frameworks",
				);
				PRODUCT_BUNDLE_IDENTIFIER = com.death.NeuMorphism;
				PRODUCT_NAME = "$(TARGET_NAME)";
				SWIFT_VERSION = 5.0;
				TARGETED_DEVICE_FAMILY = "1,2";
			};
			name = Debug;
		};
		E1C09AD424208A110047DC2D /* Release */ = {
			isa = XCBuildConfiguration;
			buildSettings = {
				ASSETCATALOG_COMPILER_APPICON_NAME = AppIcon;
				CODE_SIGN_STYLE = Automatic;
				DEVELOPMENT_ASSET_PATHS = "\"NeuMorphism/Preview Content\"";
				DEVELOPMENT_TEAM = 8EP984CMVZ;
				ENABLE_PREVIEWS = YES;
				INFOPLIST_FILE = NeuMorphism/Info.plist;
				LD_RUNPATH_SEARCH_PATHS = (
					"$(inherited)",
					"@executable_path/Frameworks",
				);
				PRODUCT_BUNDLE_IDENTIFIER = com.death.NeuMorphism;
				PRODUCT_NAME = "$(TARGET_NAME)";
				SWIFT_VERSION = 5.0;
				TARGETED_DEVICE_FAMILY = "1,2";
			};
			name = Release;
		};
/* End XCBuildConfiguration section */

/* Begin XCConfigurationList section */
		E1C09AB924208A0F0047DC2D /* Build configuration list for PBXProject "NeuMorphism" */ = {
			isa = XCConfigurationList;
			buildConfigurations = (
				E1C09AD024208A110047DC2D /* Debug */,
				E1C09AD124208A110047DC2D /* Release */,
			);
			defaultConfigurationIsVisible = 0;
			defaultConfigurationName = Release;
		};
		E1C09AD224208A110047DC2D /* Build configuration list for PBXNativeTarget "NeuMorphism" */ = {
			isa = XCConfigurationList;
			buildConfigurations = (
				E1C09AD324208A110047DC2D /* Debug */,
				E1C09AD424208A110047DC2D /* Release */,
			);
			defaultConfigurationIsVisible = 0;
			defaultConfigurationName = Release;
		};
/* End XCConfigurationList section */
	};
	rootObject = E1C09AB624208A0F0047DC2D /* Project object */;
}
